
Microsoft Visual Studio Solution File, Format Version 12.00
# Visual Studio Version 16
VisualStudioVersion = 25.0.1706.0
MinimumVisualStudioVersion = 10.0.40219.1
Project("{FAE04EC0-301F-11D3-BF4B-00C04F79EFBC}") = "ProjectM", "ProjectM\ProjectM.csproj", "{961D46EB-7AD2-4FEE-9683-EA6A183D33E8}"
EndProject
Global
	GlobalSection(SolutionConfigurationPlatforms) = preSolution
		Debug|Any CPU = Debug|Any CPU
		Release|Any CPU = Release|Any CPU
	EndGlobalSection
	GlobalSection(ProjectConfigurationPlatforms) = postSolution
		{961D46EB-7AD2-4FEE-9683-EA6A183D33E8}.Debug|Any CPU.ActiveCfg = Debug|Any CPU
		{961D46EB-7AD2-4FEE-9683-EA6A183D33E8}.Debug|Any CPU.Build.0 = Debug|Any CPU
		{961D46EB-7AD2-4FEE-9683-EA6A183D33E8}.Release|Any CPU.ActiveCfg = Release|Any CPU
		{961D46EB-7AD2-4FEE-9683-EA6A183D33E8}.Release|Any CPU.Build.0 = Release|Any CPU
	EndGlobalSection
	GlobalSection(SolutionProperties) = preSolution
		HideSolutionNode = FALSE
	EndGlobalSection
	GlobalSection(ExtensibilityGlobals) = postSolution
		SolutionGuid = {2E850D8E-0803-4316-B9FB-DF20C2181F47}
	EndGlobalSection
EndGlobal
